// !$*UTF8*$!
{
	archiveVersion = 1;
	classes = {
	};
	objectVersion = 56;
	objects = {

/* Begin PBXBuildFile section */
		5527AE2E2C1C476500140FE5 /* VocaBuilderApp.swift in Sources */ = {isa = PBXBuildFile; fileRef = 5527AE2D2C1C476500140FE5 /* VocaBuilderApp.swift */; };
		5527AE302C1C476500140FE5 /* ContentView.swift in Sources */ = {isa = PBXBuildFile; fileRef = 5527AE2F2C1C476500140FE5 /* ContentView.swift */; };
		5527AE322C1C476500140FE5 /* Item.swift in Sources */ = {isa = PBXBuildFile; fileRef = 5527AE312C1C476500140FE5 /* Item.swift */; };
		5527AE342C1C476600140FE5 /* Assets.xcassets in Resources */ = {isa = PBXBuildFile; fileRef = 5527AE332C1C476600140FE5 /* Assets.xcassets */; };
		5527AE382C1C476600140FE5 /* Preview Assets.xcassets in Resources */ = {isa = PBXBuildFile; fileRef = 5527AE372C1C476600140FE5 /* Preview Assets.xcassets */; };
		5527AE422C1C476600140FE5 /* VocaBuilderTests.swift in Sources */ = {isa = PBXBuildFile; fileRef = 5527AE412C1C476600140FE5 /* VocaBuilderTests.swift */; };
		5527AE4C2C1C476600140FE5 /* VocaBuilderUITests.swift in Sources */ = {isa = PBXBuildFile; fileRef = 5527AE4B2C1C476600140FE5 /* VocaBuilderUITests.swift */; };
		5527AE4E2C1C476600140FE5 /* VocaBuilderUITestsLaunchTests.swift in Sources */ = {isa = PBXBuildFile; fileRef = 5527AE4D2C1C476600140FE5 /* VocaBuilderUITestsLaunchTests.swift */; };
		5585BF532C1C48C000AB0350 /* SwiftUIView.swift in Sources */ = {isa = PBXBuildFile; fileRef = 5585BF522C1C48C000AB0350 /* SwiftUIView.swift */; };
/* End PBXBuildFile section */

/* Begin PBXContainerItemProxy section */
		5527AE3E2C1C476600140FE5 /* PBXContainerItemProxy */ = {
			isa = PBXContainerItemProxy;
			containerPortal = 5527AE222C1C476500140FE5 /* Project object */;
			proxyType = 1;
			remoteGlobalIDString = 5527AE292C1C476500140FE5;
			remoteInfo = VocaBuilder;
		};
		5527AE482C1C476600140FE5 /* PBXContainerItemProxy */ = {
			isa = PBXContainerItemProxy;
			containerPortal = 5527AE222C1C476500140FE5 /* Project object */;
			proxyType = 1;
			remoteGlobalIDString = 5527AE292C1C476500140FE5;
			remoteInfo = VocaBuilder;
		};
/* End PBXContainerItemProxy section */

/* Begin PBXFileReference section */
		5527AE2A2C1C476500140FE5 /* VocaBuilder.app */ = {isa = PBXFileReference; explicitFileType = wrapper.application; includeInIndex = 0; path = VocaBuilder.app; sourceTree = BUILT_PRODUCTS_DIR; };
		5527AE2D2C1C476500140FE5 /* VocaBuilderApp.swift */ = {isa = PBXFileReference; lastKnownFileType = sourcecode.swift; path = VocaBuilderApp.swift; sourceTree = "<group>"; };
		5527AE2F2C1C476500140FE5 /* ContentView.swift */ = {isa = PBXFileReference; lastKnownFileType = sourcecode.swift; path = ContentView.swift; sourceTree = "<group>"; };
		5527AE312C1C476500140FE5 /* Item.swift */ = {isa = PBXFileReference; lastKnownFileType = sourcecode.swift; path = Item.swift; sourceTree = "<group>"; };
		5527AE332C1C476600140FE5 /* Assets.xcassets */ = {isa = PBXFileReference; lastKnownFileType = folder.assetcatalog; path = Assets.xcassets; sourceTree = "<group>"; };
		5527AE352C1C476600140FE5 /* VocaBuilder.entitlements */ = {isa = PBXFileReference; lastKnownFileType = text.plist.entitlements; path = VocaBuilder.entitlements; sourceTree = "<group>"; };
		5527AE372C1C476600140FE5 /* Preview Assets.xcassets */ = {isa = PBXFileReference; lastKnownFileType = folder.assetcatalog; path = "Preview Assets.xcassets"; sourceTree = "<group>"; };
		5527AE3D2C1C476600140FE5 /* VocaBuilderTests.xctest */ = {isa = PBXFileReference; explicitFileType = wrapper.cfbundle; includeInIndex = 0; path = VocaBuilderTests.xctest; sourceTree = BUILT_PRODUCTS_DIR; };
		5527AE412C1C476600140FE5 /* VocaBuilderTests.swift */ = {isa = PBXFileReference; lastKnownFileType = sourcecode.swift; path = VocaBuilderTests.swift; sourceTree = "<group>"; };
		5527AE472C1C476600140FE5 /* VocaBuilderUITests.xctest */ = {isa = PBXFileReference; explicitFileType = wrapper.cfbundle; includeInIndex = 0; path = VocaBuilderUITests.xctest; sourceTree = BUILT_PRODUCTS_DIR; };
		5527AE4B2C1C476600140FE5 /* VocaBuilderUITests.swift */ = {isa = PBXFileReference; lastKnownFileType = sourcecode.swift; path = VocaBuilderUITests.swift; sourceTree = "<group>"; };
		5527AE4D2C1C476600140FE5 /* VocaBuilderUITestsLaunchTests.swift */ = {isa = PBXFileReference; lastKnownFileType = sourcecode.swift; path = VocaBuilderUITestsLaunchTests.swift; sourceTree = "<group>"; };
		5585BF522C1C48C000AB0350 /* SwiftUIView.swift */ = {isa = PBXFileReference; lastKnownFileType = sourcecode.swift; path = SwiftUIView.swift; sourceTree = "<group>"; };
/* End PBXFileReference section */

/* Begin PBXFrameworksBuildPhase section */
		5527AE272C1C476500140FE5 /* Frameworks */ = {
			isa = PBXFrameworksBuildPhase;
			buildActionMask = 2147483647;
			files = (
			);
			runOnlyForDeploymentPostprocessing = 0;
		};
		5527AE3A2C1C476600140FE5 /* Frameworks */ = {
			isa = PBXFrameworksBuildPhase;
			buildActionMask = 2147483647;
			files = (
			);
			runOnlyForDeploymentPostprocessing = 0;
		};
		5527AE442C1C476600140FE5 /* Frameworks */ = {
			isa = PBXFrameworksBuildPhase;
			buildActionMask = 2147483647;
			files = (
			);
			runOnlyForDeploymentPostprocessing = 0;
		};
/* End PBXFrameworksBuildPhase section */

/* Begin PBXGroup section */
		5527AE212C1C476500140FE5 = {
			isa = PBXGroup;
			children = (
				5527AE2C2C1C476500140FE5 /* VocaBuilder */,
				5527AE402C1C476600140FE5 /* VocaBuilderTests */,
				5527AE4A2C1C476600140FE5 /* VocaBuilderUITests */,
				5527AE2B2C1C476500140FE5 /* Products */,
			);
			sourceTree = "<group>";
		};
		5527AE2B2C1C476500140FE5 /* Products */ = {
			isa = PBXGroup;
			children = (
				5527AE2A2C1C476500140FE5 /* VocaBuilder.app */,
				5527AE3D2C1C476600140FE5 /* VocaBuilderTests.xctest */,
				5527AE472C1C476600140FE5 /* VocaBuilderUITests.xctest */,
			);
			name = Products;
			sourceTree = "<group>";
		};
		5527AE2C2C1C476500140FE5 /* VocaBuilder */ = {
			isa = PBXGroup;
			children = (
				5527AE5A2C1C481B00140FE5 /* View */,
				5527AE2D2C1C476500140FE5 /* VocaBuilderApp.swift */,
				5527AE2F2C1C476500140FE5 /* ContentView.swift */,
				5527AE312C1C476500140FE5 /* Item.swift */,
				5527AE332C1C476600140FE5 /* Assets.xcassets */,
				5527AE352C1C476600140FE5 /* VocaBuilder.entitlements */,
				5527AE362C1C476600140FE5 /* Preview Content */,
			);
			path = VocaBuilder;
			sourceTree = "<group>";
		};
		5527AE362C1C476600140FE5 /* Preview Content */ = {
			isa = PBXGroup;
			children = (
				5527AE372C1C476600140FE5 /* Preview Assets.xcassets */,
			);
			path = "Preview Content";
			sourceTree = "<group>";
		};
		5527AE402C1C476600140FE5 /* VocaBuilderTests */ = {
			isa = PBXGroup;
			children = (
				5527AE412C1C476600140FE5 /* VocaBuilderTests.swift */,
			);
			path = VocaBuilderTests;
			sourceTree = "<group>";
		};
		5527AE4A2C1C476600140FE5 /* VocaBuilderUITests */ = {
			isa = PBXGroup;
			children = (
				5527AE4B2C1C476600140FE5 /* VocaBuilderUITests.swift */,
				5527AE4D2C1C476600140FE5 /* VocaBuilderUITestsLaunchTests.swift */,
			);
			path = VocaBuilderUITests;
			sourceTree = "<group>";
		};
		5527AE5A2C1C481B00140FE5 /* View */ = {
			isa = PBXGroup;
			children = (
				5585BF522C1C48C000AB0350 /* SwiftUIView.swift */,
			);
			path = View;
			sourceTree = "<group>";
		};
/* End PBXGroup section */

/* Begin PBXNativeTarget section */
		5527AE292C1C476500140FE5 /* VocaBuilder */ = {
			isa = PBXNativeTarget;
			buildConfigurationList = 5527AE512C1C476600140FE5 /* Build configuration list for PBXNativeTarget "VocaBuilder" */;
			buildPhases = (
				5527AE262C1C476500140FE5 /* Sources */,
				5527AE272C1C476500140FE5 /* Frameworks */,
				5527AE282C1C476500140FE5 /* Resources */,
			);
			buildRules = (
			);
			dependencies = (
			);
			name = VocaBuilder;
			productName = VocaBuilder;
			productReference = 5527AE2A2C1C476500140FE5 /* VocaBuilder.app */;
			productType = "com.apple.product-type.application";
		};
		5527AE3C2C1C476600140FE5 /* VocaBuilderTests */ = {
			isa = PBXNativeTarget;
			buildConfigurationList = 5527AE542C1C476600140FE5 /* Build configuration list for PBXNativeTarget "VocaBuilderTests" */;
			buildPhases = (
				5527AE392C1C476600140FE5 /* Sources */,
				5527AE3A2C1C476600140FE5 /* Frameworks */,
				5527AE3B2C1C476600140FE5 /* Resources */,
			);
			buildRules = (
			);
			dependencies = (
				5527AE3F2C1C476600140FE5 /* PBXTargetDependency */,
			);
			name = VocaBuilderTests;
			productName = VocaBuilderTests;
			productReference = 5527AE3D2C1C476600140FE5 /* VocaBuilderTests.xctest */;
			productType = "com.apple.product-type.bundle.unit-test";
		};
		5527AE462C1C476600140FE5 /* VocaBuilderUITests */ = {
			isa = PBXNativeTarget;
			buildConfigurationList = 5527AE572C1C476600140FE5 /* Build configuration list for PBXNativeTarget "VocaBuilderUITests" */;
			buildPhases = (
				5527AE432C1C476600140FE5 /* Sources */,
				5527AE442C1C476600140FE5 /* Frameworks */,
				5527AE452C1C476600140FE5 /* Resources */,
			);
			buildRules = (
			);
			dependencies = (
				5527AE492C1C476600140FE5 /* PBXTargetDependency */,
			);
			name = VocaBuilderUITests;
			productName = VocaBuilderUITests;
			productReference = 5527AE472C1C476600140FE5 /* VocaBuilderUITests.xctest */;
			productType = "com.apple.product-type.bundle.ui-testing";
		};
/* End PBXNativeTarget section */

/* Begin PBXProject section */
		5527AE222C1C476500140FE5 /* Project object */ = {
			isa = PBXProject;
			attributes = {
				BuildIndependentTargetsInParallel = 1;
				LastSwiftUpdateCheck = 1540;
				LastUpgradeCheck = 1540;
				TargetAttributes = {
					5527AE292C1C476500140FE5 = {
						CreatedOnToolsVersion = 15.4;
					};
					5527AE3C2C1C476600140FE5 = {
						CreatedOnToolsVersion = 15.4;
						TestTargetID = 5527AE292C1C476500140FE5;
					};
					5527AE462C1C476600140FE5 = {
						CreatedOnToolsVersion = 15.4;
						TestTargetID = 5527AE292C1C476500140FE5;
					};
				};
			};
			buildConfigurationList = 5527AE252C1C476500140FE5 /* Build configuration list for PBXProject "VocaBuilder" */;
			compatibilityVersion = "Xcode 14.0";
			developmentRegion = en;
			hasScannedForEncodings = 0;
			knownRegions = (
				en,
				Base,
			);
			mainGroup = 5527AE212C1C476500140FE5;
			productRefGroup = 5527AE2B2C1C476500140FE5 /* Products */;
			projectDirPath = "";
			projectRoot = "";
			targets = (
				5527AE292C1C476500140FE5 /* VocaBuilder */,
				5527AE3C2C1C476600140FE5 /* VocaBuilderTests */,
				5527AE462C1C476600140FE5 /* VocaBuilderUITests */,
			);
		};
/* End PBXProject section */

/* Begin PBXResourcesBuildPhase section */
		5527AE282C1C476500140FE5 /* Resources */ = {
			isa = PBXResourcesBuildPhase;
			buildActionMask = 2147483647;
			files = (
				5527AE382C1C476600140FE5 /* Preview Assets.xcassets in Resources */,
				5527AE342C1C476600140FE5 /* Assets.xcassets in Resources */,
			);
			runOnlyForDeploymentPostprocessing = 0;
		};
		5527AE3B2C1C476600140FE5 /* Resources */ = {
			isa = PBXResourcesBuildPhase;
			buildActionMask = 2147483647;
			files = (
			);
			runOnlyForDeploymentPostprocessing = 0;
		};
		5527AE452C1C476600140FE5 /* Resources */ = {
			isa = PBXResourcesBuildPhase;
			buildActionMask = 2147483647;
			files = (
			);
			runOnlyForDeploymentPostprocessing = 0;
		};
/* End PBXResourcesBuildPhase section */

/* Begin PBXSourcesBuildPhase section */
		5527AE262C1C476500140FE5 /* Sources */ = {
			isa = PBXSourcesBuildPhase;
			buildActionMask = 2147483647;
			files = (
				5527AE302C1C476500140FE5 /* ContentView.swift in Sources */,
				5527AE322C1C476500140FE5 /* Item.swift in Sources */,
				5585BF532C1C48C000AB0350 /* SwiftUIView.swift in Sources */,
				5527AE2E2C1C476500140FE5 /* VocaBuilderApp.swift in Sources */,
			);
			runOnlyForDeploymentPostprocessing = 0;
		};
		5527AE392C1C476600140FE5 /* Sources */ = {
			isa = PBXSourcesBuildPhase;
			buildActionMask = 2147483647;
			files = (
				5527AE422C1C476600140FE5 /* VocaBuilderTests.swift in Sources */,
			);
			runOnlyForDeploymentPostprocessing = 0;
		};
		5527AE432C1C476600140FE5 /* Sources */ = {
			isa = PBXSourcesBuildPhase;
			buildActionMask = 2147483647;
			files = (
				5527AE4C2C1C476600140FE5 /* VocaBuilderUITests.swift in Sources */,
				5527AE4E2C1C476600140FE5 /* VocaBuilderUITestsLaunchTests.swift in Sources */,
			);
			runOnlyForDeploymentPostprocessing = 0;
		};
/* End PBXSourcesBuildPhase section */

/* Begin PBXTargetDependency section */
		5527AE3F2C1C476600140FE5 /* PBXTargetDependency */ = {
			isa = PBXTargetDependency;
			target = 5527AE292C1C476500140FE5 /* VocaBuilder */;
			targetProxy = 5527AE3E2C1C476600140FE5 /* PBXContainerItemProxy */;
		};
		5527AE492C1C476600140FE5 /* PBXTargetDependency */ = {
			isa = PBXTargetDependency;
			target = 5527AE292C1C476500140FE5 /* VocaBuilder */;
			targetProxy = 5527AE482C1C476600140FE5 /* PBXContainerItemProxy */;
		};
/* End PBXTargetDependency section */

/* Begin XCBuildConfiguration section */
		5527AE4F2C1C476600140FE5 /* Debug */ = {
			isa = XCBuildConfiguration;
			buildSettings = {
				ALWAYS_SEARCH_USER_PATHS = NO;
				ASSETCATALOG_COMPILER_GENERATE_SWIFT_ASSET_SYMBOL_EXTENSIONS = YES;
				CLANG_ANALYZER_NONNULL = YES;
				CLANG_ANALYZER_NUMBER_OBJECT_CONVERSION = YES_AGGRESSIVE;
				CLANG_CXX_LANGUAGE_STANDARD = "gnu++20";
				CLANG_ENABLE_MODULES = YES;
				CLANG_ENABLE_OBJC_ARC = YES;
				CLANG_ENABLE_OBJC_WEAK = YES;
				CLANG_WARN_BLOCK_CAPTURE_AUTORELEASING = YES;
				CLANG_WARN_BOOL_CONVERSION = YES;
				CLANG_WARN_COMMA = YES;
				CLANG_WARN_CONSTANT_CONVERSION = YES;
				CLANG_WARN_DEPRECATED_OBJC_IMPLEMENTATIONS = YES;
				CLANG_WARN_DIRECT_OBJC_ISA_USAGE = YES_ERROR;
				CLANG_WARN_DOCUMENTATION_COMMENTS = YES;
				CLANG_WARN_EMPTY_BODY = YES;
				CLANG_WARN_ENUM_CONVERSION = YES;
				CLANG_WARN_INFINITE_RECURSION = YES;
				CLANG_WARN_INT_CONVERSION = YES;
				CLANG_WARN_NON_LITERAL_NULL_CONVERSION = YES;
				CLANG_WARN_OBJC_IMPLICIT_RETAIN_SELF = YES;
				CLANG_WARN_OBJC_LITERAL_CONVERSION = YES;
				CLANG_WARN_OBJC_ROOT_CLASS = YES_ERROR;
				CLANG_WARN_QUOTED_INCLUDE_IN_FRAMEWORK_HEADER = YES;
				CLANG_WARN_RANGE_LOOP_ANALYSIS = YES;
				CLANG_WARN_STRICT_PROTOTYPES = YES;
				CLANG_WARN_SUSPICIOUS_MOVE = YES;
				CLANG_WARN_UNGUARDED_AVAILABILITY = YES_AGGRESSIVE;
				CLANG_WARN_UNREACHABLE_CODE = YES;
				CLANG_WARN__DUPLICATE_METHOD_MATCH = YES;
				COPY_PHASE_STRIP = NO;
				DEBUG_INFORMATION_FORMAT = dwarf;
				ENABLE_STRICT_OBJC_MSGSEND = YES;
				ENABLE_TESTABILITY = YES;
				ENABLE_USER_SCRIPT_SANDBOXING = YES;
				GCC_C_LANGUAGE_STANDARD = gnu17;
				GCC_DYNAMIC_NO_PIC = NO;
				GCC_NO_COMMON_BLOCKS = YES;
				GCC_OPTIMIZATION_LEVEL = 0;
				GCC_PREPROCESSOR_DEFINITIONS = (
					"DEBUG=1",
					"$(inherited)",
				);
				GCC_WARN_64_TO_32_BIT_CONVERSION = YES;
				GCC_WARN_ABOUT_RETURN_TYPE = YES_ERROR;
				GCC_WARN_UNDECLARED_SELECTOR = YES;
				GCC_WARN_UNINITIALIZED_AUTOS = YES_AGGRESSIVE;
				GCC_WARN_UNUSED_FUNCTION = YES;
				GCC_WARN_UNUSED_VARIABLE = YES;
				LOCALIZATION_PREFERS_STRING_CATALOGS = YES;
				MTL_ENABLE_DEBUG_INFO = INCLUDE_SOURCE;
				MTL_FAST_MATH = YES;
				ONLY_ACTIVE_ARCH = YES;
				SWIFT_ACTIVE_COMPILATION_CONDITIONS = "DEBUG $(inherited)";
				SWIFT_OPTIMIZATION_LEVEL = "-Onone";
			};
			name = Debug;
		};
		5527AE502C1C476600140FE5 /* Release */ = {
			isa = XCBuildConfiguration;
			buildSettings = {
				ALWAYS_SEARCH_USER_PATHS = NO;
				ASSETCATALOG_COMPILER_GENERATE_SWIFT_ASSET_SYMBOL_EXTENSIONS = YES;
				CLANG_ANALYZER_NONNULL = YES;
				CLANG_ANALYZER_NUMBER_OBJECT_CONVERSION = YES_AGGRESSIVE;
				CLANG_CXX_LANGUAGE_STANDARD = "gnu++20";
				CLANG_ENABLE_MODULES = YES;
				CLANG_ENABLE_OBJC_ARC = YES;
				CLANG_ENABLE_OBJC_WEAK = YES;
				CLANG_WARN_BLOCK_CAPTURE_AUTORELEASING = YES;
				CLANG_WARN_BOOL_CONVERSION = YES;
				CLANG_WARN_COMMA = YES;
				CLANG_WARN_CONSTANT_CONVERSION = YES;
				CLANG_WARN_DEPRECATED_OBJC_IMPLEMENTATIONS = YES;
				CLANG_WARN_DIRECT_OBJC_ISA_USAGE = YES_ERROR;
				CLANG_WARN_DOCUMENTATION_COMMENTS = YES;
				CLANG_WARN_EMPTY_BODY = YES;
				CLANG_WARN_ENUM_CONVERSION = YES;
				CLANG_WARN_INFINITE_RECURSION = YES;
				CLANG_WARN_INT_CONVERSION = YES;
				CLANG_WARN_NON_LITERAL_NULL_CONVERSION = YES;
				CLANG_WARN_OBJC_IMPLICIT_RETAIN_SELF = YES;
				CLANG_WARN_OBJC_LITERAL_CONVERSION = YES;
				CLANG_WARN_OBJC_ROOT_CLASS = YES_ERROR;
				CLANG_WARN_QUOTED_INCLUDE_IN_FRAMEWORK_HEADER = YES;
				CLANG_WARN_RANGE_LOOP_ANALYSIS = YES;
				CLANG_WARN_STRICT_PROTOTYPES = YES;
				CLANG_WARN_SUSPICIOUS_MOVE = YES;
				CLANG_WARN_UNGUARDED_AVAILABILITY = YES_AGGRESSIVE;
				CLANG_WARN_UNREACHABLE_CODE = YES;
				CLANG_WARN__DUPLICATE_METHOD_MATCH = YES;
				COPY_PHASE_STRIP = NO;
				DEBUG_INFORMATION_FORMAT = "dwarf-with-dsym";
				ENABLE_NS_ASSERTIONS = NO;
				ENABLE_STRICT_OBJC_MSGSEND = YES;
				ENABLE_USER_SCRIPT_SANDBOXING = YES;
				GCC_C_LANGUAGE_STANDARD = gnu17;
				GCC_NO_COMMON_BLOCKS = YES;
				GCC_WARN_64_TO_32_BIT_CONVERSION = YES;
				GCC_WARN_ABOUT_RETURN_TYPE = YES_ERROR;
				GCC_WARN_UNDECLARED_SELECTOR = YES;
				GCC_WARN_UNINITIALIZED_AUTOS = YES_AGGRESSIVE;
				GCC_WARN_UNUSED_FUNCTION = YES;
				GCC_WARN_UNUSED_VARIABLE = YES;
				LOCALIZATION_PREFERS_STRING_CATALOGS = YES;
				MTL_ENABLE_DEBUG_INFO = NO;
				MTL_FAST_MATH = YES;
				SWIFT_COMPILATION_MODE = wholemodule;
			};
			name = Release;
		};
		5527AE522C1C476600140FE5 /* Debug */ = {
			isa = XCBuildConfiguration;
			buildSettings = {
				ASSETCATALOG_COMPILER_APPICON_NAME = AppIcon;
				ASSETCATALOG_COMPILER_GLOBAL_ACCENT_COLOR_NAME = AccentColor;
				CODE_SIGN_ENTITLEMENTS = VocaBuilder/VocaBuilder.entitlements;
				CODE_SIGN_STYLE = Automatic;
				CURRENT_PROJECT_VERSION = 1;
				DEVELOPMENT_ASSET_PATHS = "\"VocaBuilder/Preview Content\"";
				DEVELOPMENT_TEAM = V7234W6LN7;
				ENABLE_HARDENED_RUNTIME = YES;
				ENABLE_PREVIEWS = YES;
				GENERATE_INFOPLIST_FILE = YES;
				"INFOPLIST_KEY_UIApplicationSceneManifest_Generation[sdk=iphoneos*]" = YES;
				"INFOPLIST_KEY_UIApplicationSceneManifest_Generation[sdk=iphonesimulator*]" = YES;
				"INFOPLIST_KEY_UIApplicationSupportsIndirectInputEvents[sdk=iphoneos*]" = YES;
				"INFOPLIST_KEY_UIApplicationSupportsIndirectInputEvents[sdk=iphonesimulator*]" = YES;
				"INFOPLIST_KEY_UILaunchScreen_Generation[sdk=iphoneos*]" = YES;
				"INFOPLIST_KEY_UILaunchScreen_Generation[sdk=iphonesimulator*]" = YES;
				"INFOPLIST_KEY_UIStatusBarStyle[sdk=iphoneos*]" = UIStatusBarStyleDefault;
				"INFOPLIST_KEY_UIStatusBarStyle[sdk=iphonesimulator*]" = UIStatusBarStyleDefault;
				INFOPLIST_KEY_UISupportedInterfaceOrientations_iPad = "UIInterfaceOrientationPortrait UIInterfaceOrientationPortraitUpsideDown UIInterfaceOrientationLandscapeLeft UIInterfaceOrientationLandscapeRight";
				INFOPLIST_KEY_UISupportedInterfaceOrientations_iPhone = "UIInterfaceOrientationPortrait UIInterfaceOrientationLandscapeLeft UIInterfaceOrientationLandscapeRight";
				IPHONEOS_DEPLOYMENT_TARGET = 17.5;
				LD_RUNPATH_SEARCH_PATHS = "@executable_path/Frameworks";
				"LD_RUNPATH_SEARCH_PATHS[sdk=macosx*]" = "@executable_path/../Frameworks";
				MACOSX_DEPLOYMENT_TARGET = 14.0;
				MARKETING_VERSION = 1.0;
				PRODUCT_BUNDLE_IDENTIFIER = koheiokamoto.com.VocaBuilder;
				PRODUCT_NAME = "$(TARGET_NAME)";
				SDKROOT = auto;
				SUPPORTED_PLATFORMS = "iphoneos iphonesimulator macosx";
				SWIFT_EMIT_LOC_STRINGS = YES;
				SWIFT_VERSION = 5.0;
				TARGETED_DEVICE_FAMILY = "1,2";
			};
			name = Debug;
		};
		5527AE532C1C476600140FE5 /* Release */ = {
			isa = XCBuildConfiguration;
			buildSettings = {
				ASSETCATALOG_COMPILER_APPICON_NAME = AppIcon;
				ASSETCATALOG_COMPILER_GLOBAL_ACCENT_COLOR_NAME = AccentColor;
				CODE_SIGN_ENTITLEMENTS = VocaBuilder/VocaBuilder.entitlements;
				CODE_SIGN_STYLE = Automatic;
				CURRENT_PROJECT_VERSION = 1;
				DEVELOPMENT_ASSET_PATHS = "\"VocaBuilder/Preview Content\"";
				DEVELOPMENT_TEAM = V7234W6LN7;
				ENABLE_HARDENED_RUNTIME = YES;
				ENABLE_PREVIEWS = YES;
				GENERATE_INFOPLIST_FILE = YES;
				"INFOPLIST_KEY_UIApplicationSceneManifest_Generation[sdk=iphoneos*]" = YES;
				"INFOPLIST_KEY_UIApplicationSceneManifest_Generation[sdk=iphonesimulator*]" = YES;
				"INFOPLIST_KEY_UIApplicationSupportsIndirectInputEvents[sdk=iphoneos*]" = YES;
				"INFOPLIST_KEY_UIApplicationSupportsIndirectInputEvents[sdk=iphonesimulator*]" = YES;
				"INFOPLIST_KEY_UILaunchScreen_Generation[sdk=iphoneos*]" = YES;
				"INFOPLIST_KEY_UILaunchScreen_Generation[sdk=iphonesimulator*]" = YES;
				"INFOPLIST_KEY_UIStatusBarStyle[sdk=iphoneos*]" = UIStatusBarStyleDefault;
				"INFOPLIST_KEY_UIStatusBarStyle[sdk=iphonesimulator*]" = UIStatusBarStyleDefault;
				INFOPLIST_KEY_UISupportedInterfaceOrientations_iPad = "UIInterfaceOrientationPortrait UIInterfaceOrientationPortraitUpsideDown UIInterfaceOrientationLandscapeLeft UIInterfaceOrientationLandscapeRight";
				INFOPLIST_KEY_UISupportedInterfaceOrientations_iPhone = "UIInterfaceOrientationPortrait UIInterfaceOrientationLandscapeLeft UIInterfaceOrientationLandscapeRight";
				IPHONEOS_DEPLOYMENT_TARGET = 17.5;
				LD_RUNPATH_SEARCH_PATHS = "@executable_path/Frameworks";
				"LD_RUNPATH_SEARCH_PATHS[sdk=macosx*]" = "@executable_path/../Frameworks";
				MACOSX_DEPLOYMENT_TARGET = 14.0;
				MARKETING_VERSION = 1.0;
				PRODUCT_BUNDLE_IDENTIFIER = koheiokamoto.com.VocaBuilder;
				PRODUCT_NAME = "$(TARGET_NAME)";
				SDKROOT = auto;
				SUPPORTED_PLATFORMS = "iphoneos iphonesimulator macosx";
				SWIFT_EMIT_LOC_STRINGS = YES;
				SWIFT_VERSION = 5.0;
				TARGETED_DEVICE_FAMILY = "1,2";
			};
			name = Release;
		};
		5527AE552C1C476600140FE5 /* Debug */ = {
			isa = XCBuildConfiguration;
			buildSettings = {
				ALWAYS_EMBED_SWIFT_STANDARD_LIBRARIES = YES;
				BUNDLE_LOADER = "$(TEST_HOST)";
				CODE_SIGN_STYLE = Automatic;
				CURRENT_PROJECT_VERSION = 1;
				DEVELOPMENT_TEAM = V7234W6LN7;
				GENERATE_INFOPLIST_FILE = YES;
				IPHONEOS_DEPLOYMENT_TARGET = 17.5;
				MACOSX_DEPLOYMENT_TARGET = 14.5;
				MARKETING_VERSION = 1.0;
				PRODUCT_BUNDLE_IDENTIFIER = koheiokamoto.com.VocaBuilderTests;
				PRODUCT_NAME = "$(TARGET_NAME)";
				SDKROOT = auto;
				SUPPORTED_PLATFORMS = "iphoneos iphonesimulator macosx";
				SWIFT_EMIT_LOC_STRINGS = NO;
				SWIFT_VERSION = 5.0;
				TARGETED_DEVICE_FAMILY = "1,2";
				TEST_HOST = "$(BUILT_PRODUCTS_DIR)/VocaBuilder.app/$(BUNDLE_EXECUTABLE_FOLDER_PATH)/VocaBuilder";
			};
			name = Debug;
		};
		5527AE562C1C476600140FE5 /* Release */ = {
			isa = XCBuildConfiguration;
			buildSettings = {
				ALWAYS_EMBED_SWIFT_STANDARD_LIBRARIES = YES;
				BUNDLE_LOADER = "$(TEST_HOST)";
				CODE_SIGN_STYLE = Automatic;
				CURRENT_PROJECT_VERSION = 1;
				DEVELOPMENT_TEAM = V7234W6LN7;
				GENERATE_INFOPLIST_FILE = YES;
				IPHONEOS_DEPLOYMENT_TARGET = 17.5;
				MACOSX_DEPLOYMENT_TARGET = 14.5;
				MARKETING_VERSION = 1.0;
				PRODUCT_BUNDLE_IDENTIFIER = koheiokamoto.com.VocaBuilderTests;
				PRODUCT_NAME = "$(TARGET_NAME)";
				SDKROOT = auto;
				SUPPORTED_PLATFORMS = "iphoneos iphonesimulator macosx";
				SWIFT_EMIT_LOC_STRINGS = NO;
				SWIFT_VERSION = 5.0;
				TARGETED_DEVICE_FAMILY = "1,2";
				TEST_HOST = "$(BUILT_PRODUCTS_DIR)/VocaBuilder.app/$(BUNDLE_EXECUTABLE_FOLDER_PATH)/VocaBuilder";
			};
			name = Release;
		};
		5527AE582C1C476600140FE5 /* Debug */ = {
			isa = XCBuildConfiguration;
			buildSettings = {
				ALWAYS_EMBED_SWIFT_STANDARD_LIBRARIES = YES;
				CODE_SIGN_STYLE = Automatic;
				CURRENT_PROJECT_VERSION = 1;
				DEVELOPMENT_TEAM = V7234W6LN7;
				GENERATE_INFOPLIST_FILE = YES;
				IPHONEOS_DEPLOYMENT_TARGET = 17.5;
				MACOSX_DEPLOYMENT_TARGET = 14.5;
				MARKETING_VERSION = 1.0;
				PRODUCT_BUNDLE_IDENTIFIER = koheiokamoto.com.VocaBuilderUITests;
				PRODUCT_NAME = "$(TARGET_NAME)";
				SDKROOT = auto;
				SUPPORTED_PLATFORMS = "iphoneos iphonesimulator macosx";
				SWIFT_EMIT_LOC_STRINGS = NO;
				SWIFT_VERSION = 5.0;
				TARGETED_DEVICE_FAMILY = "1,2";
				TEST_TARGET_NAME = VocaBuilder;
			};
			name = Debug;
		};
		5527AE592C1C476600140FE5 /* Release */ = {
			isa = XCBuildConfiguration;
			buildSettings = {
				ALWAYS_EMBED_SWIFT_STANDARD_LIBRARIES = YES;
				CODE_SIGN_STYLE = Automatic;
				CURRENT_PROJECT_VERSION = 1;
				DEVELOPMENT_TEAM = V7234W6LN7;
				GENERATE_INFOPLIST_FILE = YES;
				IPHONEOS_DEPLOYMENT_TARGET = 17.5;
				MACOSX_DEPLOYMENT_TARGET = 14.5;
				MARKETING_VERSION = 1.0;
				PRODUCT_BUNDLE_IDENTIFIER = koheiokamoto.com.VocaBuilderUITests;
				PRODUCT_NAME = "$(TARGET_NAME)";
				SDKROOT = auto;
				SUPPORTED_PLATFORMS = "iphoneos iphonesimulator macosx";
				SWIFT_EMIT_LOC_STRINGS = NO;
				SWIFT_VERSION = 5.0;
				TARGETED_DEVICE_FAMILY = "1,2";
				TEST_TARGET_NAME = VocaBuilder;
			};
			name = Release;
		};
/* End XCBuildConfiguration section */

/* Begin XCConfigurationList section */
		5527AE252C1C476500140FE5 /* Build configuration list for PBXProject "VocaBuilder" */ = {
			isa = XCConfigurationList;
			buildConfigurations = (
				5527AE4F2C1C476600140FE5 /* Debug */,
				5527AE502C1C476600140FE5 /* Release */,
			);
			defaultConfigurationIsVisible = 0;
			defaultConfigurationName = Release;
		};
		5527AE512C1C476600140FE5 /* Build configuration list for PBXNativeTarget "VocaBuilder" */ = {
			isa = XCConfigurationList;
			buildConfigurations = (
				5527AE522C1C476600140FE5 /* Debug */,
				5527AE532C1C476600140FE5 /* Release */,
			);
			defaultConfigurationIsVisible = 0;
			defaultConfigurationName = Release;
		};
		5527AE542C1C476600140FE5 /* Build configuration list for PBXNativeTarget "VocaBuilderTests" */ = {
			isa = XCConfigurationList;
			buildConfigurations = (
				5527AE552C1C476600140FE5 /* Debug */,
				5527AE562C1C476600140FE5 /* Release */,
			);
			defaultConfigurationIsVisible = 0;
			defaultConfigurationName = Release;
		};
		5527AE572C1C476600140FE5 /* Build configuration list for PBXNativeTarget "VocaBuilderUITests" */ = {
			isa = XCConfigurationList;
			buildConfigurations = (
				5527AE582C1C476600140FE5 /* Debug */,
				5527AE592C1C476600140FE5 /* Release */,
			);
			defaultConfigurationIsVisible = 0;
			defaultConfigurationName = Release;
		};
/* End XCConfigurationList section */
	};
	rootObject = 5527AE222C1C476500140FE5 /* Project object */;
}
